
Microsoft Visual Studio Solution File, Format Version 12.00
# Visual Studio Version 16
VisualStudioVersion = 16.0.32228.343
MinimumVisualStudioVersion = 10.0.40219.1
Project("{FAE04EC0-301F-11D3-BF4B-00C04F79EFBC}") = "LINQ", "LINQ\LINQ.csproj", "{81155D3E-0A39-42D7-BB4B-68CEB72CC93B}"
EndProject
Global
	GlobalSection(SolutionConfigurationPlatforms) = preSolution
		Debug|Any CPU = Debug|Any CPU
		Release|Any CPU = Release|Any CPU
	EndGlobalSection
	GlobalSection(ProjectConfigurationPlatforms) = postSolution
		{81155D3E-0A39-42D7-BB4B-68CEB72CC93B}.Debug|Any CPU.ActiveCfg = Debug|Any CPU
		{81155D3E-0A39-42D7-BB4B-68CEB72CC93B}.Debug|Any CPU.Build.0 = Debug|Any CPU
		{81155D3E-0A39-42D7-BB4B-68CEB72CC93B}.Release|Any CPU.ActiveCfg = Release|Any CPU
		{81155D3E-0A39-42D7-BB4B-68CEB72CC93B}.Release|Any CPU.Build.0 = Release|Any CPU
	EndGlobalSection
	GlobalSection(SolutionProperties) = preSolution
		HideSolutionNode = FALSE
	EndGlobalSection
	GlobalSection(ExtensibilityGlobals) = postSolution
		SolutionGuid = {25B3B02A-7008-4119-9F55-26C8B4FB83FC}
	EndGlobalSection
EndGlobal
